// !$*UTF8*$!
{
	archiveVersion = 1;
	classes = {
	};
	objectVersion = 56;
	objects = {

/* Begin PBXBuildFile section */
		F258E76D2B02D52B00900EF1 /* UIViewDSL+Helper.swift in Sources */ = {isa = PBXBuildFile; fileRef = F258E7552B02D52B00900EF1 /* UIViewDSL+Helper.swift */; };
		F258E76E2B02D52B00900EF1 /* UIViewDSL+Constraints.swift in Sources */ = {isa = PBXBuildFile; fileRef = F258E7562B02D52B00900EF1 /* UIViewDSL+Constraints.swift */; };
		F258E76F2B02D52B00900EF1 /* UIViewDSL+ResultBuilders.swift in Sources */ = {isa = PBXBuildFile; fileRef = F258E7572B02D52B00900EF1 /* UIViewDSL+ResultBuilders.swift */; };
		F258E7702B02D52B00900EF1 /* UIViewDSL+SwiftUIStyleStacks.swift in Sources */ = {isa = PBXBuildFile; fileRef = F258E7582B02D52B00900EF1 /* UIViewDSL+SwiftUIStyleStacks.swift */; };
		F258E7712B02D52B00900EF1 /* UIViewDSL+Attributes.swift in Sources */ = {isa = PBXBuildFile; fileRef = F258E7592B02D52B00900EF1 /* UIViewDSL+Attributes.swift */; };
		F258E7722B02D52B00900EF1 /* UIViewDebug.swift in Sources */ = {isa = PBXBuildFile; fileRef = F258E75A2B02D52B00900EF1 /* UIViewDebug.swift */; };
		F258E7732B02D52B00900EF1 /* InferredConstraintsStrategy.swift in Sources */ = {isa = PBXBuildFile; fileRef = F258E75C2B02D52B00900EF1 /* InferredConstraintsStrategy.swift */; };
		F258E7742B02D52B00900EF1 /* UIViewDSLEngineConstraintsProtocol.swift in Sources */ = {isa = PBXBuildFile; fileRef = F258E75D2B02D52B00900EF1 /* UIViewDSLEngineConstraintsProtocol.swift */; };
		F258E7752B02D52B00900EF1 /* InferredAttributesOwnerStrategy.swift in Sources */ = {isa = PBXBuildFile; fileRef = F258E75E2B02D52B00900EF1 /* InferredAttributesOwnerStrategy.swift */; };
		F258E7762B02D52B00900EF1 /* UIViewDSL+Subviews.swift in Sources */ = {isa = PBXBuildFile; fileRef = F258E75F2B02D52B00900EF1 /* UIViewDSL+Subviews.swift */; };
		F258E7772B02D52B00900EF1 /* IBFreeFormViewControllerRepresentable.swift in Sources */ = {isa = PBXBuildFile; fileRef = F258E7612B02D52B00900EF1 /* IBFreeFormViewControllerRepresentable.swift */; };
		F258E7782B02D52B00900EF1 /* IBRepresentableForView.swift in Sources */ = {isa = PBXBuildFile; fileRef = F258E7622B02D52B00900EF1 /* IBRepresentableForView.swift */; };
		F258E7792B02D52B00900EF1 /* IBPreviewLabel.swift in Sources */ = {isa = PBXBuildFile; fileRef = F258E7632B02D52B00900EF1 /* IBPreviewLabel.swift */; };
		F258E77A2B02D52B00900EF1 /* IBRepresentableForViewController.swift in Sources */ = {isa = PBXBuildFile; fileRef = F258E7642B02D52B00900EF1 /* IBRepresentableForViewController.swift */; };
		F258E77B2B02D52B00900EF1 /* IBPreviewScrollView.swift in Sources */ = {isa = PBXBuildFile; fileRef = F258E7652B02D52B00900EF1 /* IBPreviewScrollView.swift */; };
		F258E77C2B02D52B00900EF1 /* UIViewDSL.swift in Sources */ = {isa = PBXBuildFile; fileRef = F258E7662B02D52B00900EF1 /* UIViewDSL.swift */; };
		F258E77D2B02D52B00900EF1 /* UIViewController+Extensions.swift in Sources */ = {isa = PBXBuildFile; fileRef = F258E7682B02D52B00900EF1 /* UIViewController+Extensions.swift */; };
		F258E77E2B02D52B00900EF1 /* UIView+Extensions.swift in Sources */ = {isa = PBXBuildFile; fileRef = F258E7692B02D52B00900EF1 /* UIView+Extensions.swift */; };
		F258E77F2B02D52B00900EF1 /* IBView.swift in Sources */ = {isa = PBXBuildFile; fileRef = F258E76A2B02D52B00900EF1 /* IBView.swift */; };
		F258E7802B02D52B00900EF1 /* IBControl.swift in Sources */ = {isa = PBXBuildFile; fileRef = F258E76B2B02D52B00900EF1 /* IBControl.swift */; };
		F258E7812B02D52B00900EF1 /* UIViewDSL+IBOutlet.swift in Sources */ = {isa = PBXBuildFile; fileRef = F258E76C2B02D52B00900EF1 /* UIViewDSL+IBOutlet.swift */; };
/* End PBXBuildFile section */

/* Begin PBXFileReference section */
		F22EB0E92ADD8CFC00B70773 /* UIViewKit.framework */ = {isa = PBXFileReference; explicitFileType = wrapper.framework; includeInIndex = 0; path = UIViewKit.framework; sourceTree = BUILT_PRODUCTS_DIR; };
		F258E7552B02D52B00900EF1 /* UIViewDSL+Helper.swift */ = {isa = PBXFileReference; fileEncoding = 4; lastKnownFileType = sourcecode.swift; path = "UIViewDSL+Helper.swift"; sourceTree = "<group>"; };
		F258E7562B02D52B00900EF1 /* UIViewDSL+Constraints.swift */ = {isa = PBXFileReference; fileEncoding = 4; lastKnownFileType = sourcecode.swift; path = "UIViewDSL+Constraints.swift"; sourceTree = "<group>"; };
		F258E7572B02D52B00900EF1 /* UIViewDSL+ResultBuilders.swift */ = {isa = PBXFileReference; fileEncoding = 4; lastKnownFileType = sourcecode.swift; path = "UIViewDSL+ResultBuilders.swift"; sourceTree = "<group>"; };
		F258E7582B02D52B00900EF1 /* UIViewDSL+SwiftUIStyleStacks.swift */ = {isa = PBXFileReference; fileEncoding = 4; lastKnownFileType = sourcecode.swift; path = "UIViewDSL+SwiftUIStyleStacks.swift"; sourceTree = "<group>"; };
		F258E7592B02D52B00900EF1 /* UIViewDSL+Attributes.swift */ = {isa = PBXFileReference; fileEncoding = 4; lastKnownFileType = sourcecode.swift; path = "UIViewDSL+Attributes.swift"; sourceTree = "<group>"; };
		F258E75A2B02D52B00900EF1 /* UIViewDebug.swift */ = {isa = PBXFileReference; fileEncoding = 4; lastKnownFileType = sourcecode.swift; path = UIViewDebug.swift; sourceTree = "<group>"; };
		F258E75C2B02D52B00900EF1 /* InferredConstraintsStrategy.swift */ = {isa = PBXFileReference; fileEncoding = 4; lastKnownFileType = sourcecode.swift; path = InferredConstraintsStrategy.swift; sourceTree = "<group>"; };
		F258E75D2B02D52B00900EF1 /* UIViewDSLEngineConstraintsProtocol.swift */ = {isa = PBXFileReference; fileEncoding = 4; lastKnownFileType = sourcecode.swift; path = UIViewDSLEngineConstraintsProtocol.swift; sourceTree = "<group>"; };
		F258E75E2B02D52B00900EF1 /* InferredAttributesOwnerStrategy.swift */ = {isa = PBXFileReference; fileEncoding = 4; lastKnownFileType = sourcecode.swift; path = InferredAttributesOwnerStrategy.swift; sourceTree = "<group>"; };
		F258E75F2B02D52B00900EF1 /* UIViewDSL+Subviews.swift */ = {isa = PBXFileReference; fileEncoding = 4; lastKnownFileType = sourcecode.swift; path = "UIViewDSL+Subviews.swift"; sourceTree = "<group>"; };
		F258E7612B02D52B00900EF1 /* IBFreeFormViewControllerRepresentable.swift */ = {isa = PBXFileReference; fileEncoding = 4; lastKnownFileType = sourcecode.swift; path = IBFreeFormViewControllerRepresentable.swift; sourceTree = "<group>"; };
		F258E7622B02D52B00900EF1 /* IBRepresentableForView.swift */ = {isa = PBXFileReference; fileEncoding = 4; lastKnownFileType = sourcecode.swift; path = IBRepresentableForView.swift; sourceTree = "<group>"; };
		F258E7632B02D52B00900EF1 /* IBPreviewLabel.swift */ = {isa = PBXFileReference; fileEncoding = 4; lastKnownFileType = sourcecode.swift; path = IBPreviewLabel.swift; sourceTree = "<group>"; };
		F258E7642B02D52B00900EF1 /* IBRepresentableForViewController.swift */ = {isa = PBXFileReference; fileEncoding = 4; lastKnownFileType = sourcecode.swift; path = IBRepresentableForViewController.swift; sourceTree = "<group>"; };
		F258E7652B02D52B00900EF1 /* IBPreviewScrollView.swift */ = {isa = PBXFileReference; fileEncoding = 4; lastKnownFileType = sourcecode.swift; path = IBPreviewScrollView.swift; sourceTree = "<group>"; };
		F258E7662B02D52B00900EF1 /* UIViewDSL.swift */ = {isa = PBXFileReference; fileEncoding = 4; lastKnownFileType = sourcecode.swift; path = UIViewDSL.swift; sourceTree = "<group>"; };
		F258E7682B02D52B00900EF1 /* UIViewController+Extensions.swift */ = {isa = PBXFileReference; fileEncoding = 4; lastKnownFileType = sourcecode.swift; path = "UIViewController+Extensions.swift"; sourceTree = "<group>"; };
		F258E7692B02D52B00900EF1 /* UIView+Extensions.swift */ = {isa = PBXFileReference; fileEncoding = 4; lastKnownFileType = sourcecode.swift; path = "UIView+Extensions.swift"; sourceTree = "<group>"; };
		F258E76A2B02D52B00900EF1 /* IBView.swift */ = {isa = PBXFileReference; fileEncoding = 4; lastKnownFileType = sourcecode.swift; path = IBView.swift; sourceTree = "<group>"; };
		F258E76B2B02D52B00900EF1 /* IBControl.swift */ = {isa = PBXFileReference; fileEncoding = 4; lastKnownFileType = sourcecode.swift; path = IBControl.swift; sourceTree = "<group>"; };
		F258E76C2B02D52B00900EF1 /* UIViewDSL+IBOutlet.swift */ = {isa = PBXFileReference; fileEncoding = 4; lastKnownFileType = sourcecode.swift; path = "UIViewDSL+IBOutlet.swift"; sourceTree = "<group>"; };
/* End PBXFileReference section */

/* Begin PBXFrameworksBuildPhase section */
		F22EB0E62ADD8CFC00B70773 /* Frameworks */ = {
			isa = PBXFrameworksBuildPhase;
			buildActionMask = 2147483647;
			files = (
			);
			runOnlyForDeploymentPostprocessing = 0;
		};
/* End PBXFrameworksBuildPhase section */

/* Begin PBXGroup section */
		F22EB0DF2ADD8CFC00B70773 = {
			isa = PBXGroup;
			children = (
				F258E7542B02D52B00900EF1 /* UIViewKit */,
				F22EB0EA2ADD8CFC00B70773 /* Products */,
			);
			sourceTree = "<group>";
		};
		F22EB0EA2ADD8CFC00B70773 /* Products */ = {
			isa = PBXGroup;
			children = (
				F22EB0E92ADD8CFC00B70773 /* UIViewKit.framework */,
			);
			name = Products;
			sourceTree = "<group>";
		};
		F258E7542B02D52B00900EF1 /* UIViewKit */ = {
			isa = PBXGroup;
			children = (
				F258E7552B02D52B00900EF1 /* UIViewDSL+Helper.swift */,
				F258E7562B02D52B00900EF1 /* UIViewDSL+Constraints.swift */,
				F258E7572B02D52B00900EF1 /* UIViewDSL+ResultBuilders.swift */,
				F258E7582B02D52B00900EF1 /* UIViewDSL+SwiftUIStyleStacks.swift */,
				F258E7592B02D52B00900EF1 /* UIViewDSL+Attributes.swift */,
				F258E75A2B02D52B00900EF1 /* UIViewDebug.swift */,
				F258E75B2B02D52B00900EF1 /* AutoresizingStrategy */,
				F258E75F2B02D52B00900EF1 /* UIViewDSL+Subviews.swift */,
				F258E7602B02D52B00900EF1 /* Previews */,
				F258E7662B02D52B00900EF1 /* UIViewDSL.swift */,
				F258E7672B02D52B00900EF1 /* UIKitHelpers */,
				F258E76C2B02D52B00900EF1 /* UIViewDSL+IBOutlet.swift */,
			);
			name = UIViewKit;
			path = Sources/UIViewKit;
			sourceTree = "<group>";
		};
		F258E75B2B02D52B00900EF1 /* AutoresizingStrategy */ = {
			isa = PBXGroup;
			children = (
				F258E75C2B02D52B00900EF1 /* InferredConstraintsStrategy.swift */,
				F258E75D2B02D52B00900EF1 /* UIViewDSLEngineConstraintsProtocol.swift */,
				F258E75E2B02D52B00900EF1 /* InferredAttributesOwnerStrategy.swift */,
			);
			path = AutoresizingStrategy;
			sourceTree = "<group>";
		};
		F258E7602B02D52B00900EF1 /* Previews */ = {
			isa = PBXGroup;
			children = (
				F258E7612B02D52B00900EF1 /* IBFreeFormViewControllerRepresentable.swift */,
				F258E7622B02D52B00900EF1 /* IBRepresentableForView.swift */,
				F258E7632B02D52B00900EF1 /* IBPreviewLabel.swift */,
				F258E7642B02D52B00900EF1 /* IBRepresentableForViewController.swift */,
				F258E7652B02D52B00900EF1 /* IBPreviewScrollView.swift */,
			);
			path = Previews;
			sourceTree = "<group>";
		};
		F258E7672B02D52B00900EF1 /* UIKitHelpers */ = {
			isa = PBXGroup;
			children = (
				F258E7682B02D52B00900EF1 /* UIViewController+Extensions.swift */,
				F258E7692B02D52B00900EF1 /* UIView+Extensions.swift */,
				F258E76A2B02D52B00900EF1 /* IBView.swift */,
				F258E76B2B02D52B00900EF1 /* IBControl.swift */,
			);
			path = UIKitHelpers;
			sourceTree = "<group>";
		};
/* End PBXGroup section */

/* Begin PBXHeadersBuildPhase section */
		F22EB0E42ADD8CFC00B70773 /* Headers */ = {
			isa = PBXHeadersBuildPhase;
			buildActionMask = 2147483647;
			files = (
			);
			runOnlyForDeploymentPostprocessing = 0;
		};
/* End PBXHeadersBuildPhase section */

/* Begin PBXNativeTarget section */
		F22EB0E82ADD8CFC00B70773 /* UIViewKit */ = {
			isa = PBXNativeTarget;
			buildConfigurationList = F22EB0F02ADD8CFC00B70773 /* Build configuration list for PBXNativeTarget "UIViewKit" */;
			buildPhases = (
				F22EB0E42ADD8CFC00B70773 /* Headers */,
				F22EB0E52ADD8CFC00B70773 /* Sources */,
				F22EB0E62ADD8CFC00B70773 /* Frameworks */,
				F22EB0E72ADD8CFC00B70773 /* Resources */,
			);
			buildRules = (
			);
			dependencies = (
			);
			name = UIViewKit;
			productName = UIViewKit;
			productReference = F22EB0E92ADD8CFC00B70773 /* UIViewKit.framework */;
			productType = "com.apple.product-type.framework";
		};
/* End PBXNativeTarget section */

/* Begin PBXProject section */
		F22EB0E02ADD8CFC00B70773 /* Project object */ = {
			isa = PBXProject;
			attributes = {
				BuildIndependentTargetsInParallel = 1;
				LastUpgradeCheck = 1500;
				TargetAttributes = {
					F22EB0E82ADD8CFC00B70773 = {
						CreatedOnToolsVersion = 15.0;
					};
				};
			};
			buildConfigurationList = F22EB0E32ADD8CFC00B70773 /* Build configuration list for PBXProject "UIViewKit" */;
			compatibilityVersion = "Xcode 14.0";
			developmentRegion = en;
			hasScannedForEncodings = 0;
			knownRegions = (
				en,
				Base,
			);
			mainGroup = F22EB0DF2ADD8CFC00B70773;
			productRefGroup = F22EB0EA2ADD8CFC00B70773 /* Products */;
			projectDirPath = "";
			projectRoot = "";
			targets = (
				F22EB0E82ADD8CFC00B70773 /* UIViewKit */,
			);
		};
/* End PBXProject section */

/* Begin PBXResourcesBuildPhase section */
		F22EB0E72ADD8CFC00B70773 /* Resources */ = {
			isa = PBXResourcesBuildPhase;
			buildActionMask = 2147483647;
			files = (
			);
			runOnlyForDeploymentPostprocessing = 0;
		};
/* End PBXResourcesBuildPhase section */

/* Begin PBXSourcesBuildPhase section */
		F22EB0E52ADD8CFC00B70773 /* Sources */ = {
			isa = PBXSourcesBuildPhase;
			buildActionMask = 2147483647;
			files = (
				F258E76D2B02D52B00900EF1 /* UIViewDSL+Helper.swift in Sources */,
				F258E7792B02D52B00900EF1 /* IBPreviewLabel.swift in Sources */,
				F258E7732B02D52B00900EF1 /* InferredConstraintsStrategy.swift in Sources */,
				F258E7712B02D52B00900EF1 /* UIViewDSL+Attributes.swift in Sources */,
				F258E7702B02D52B00900EF1 /* UIViewDSL+SwiftUIStyleStacks.swift in Sources */,
				F258E77F2B02D52B00900EF1 /* IBView.swift in Sources */,
				F258E77D2B02D52B00900EF1 /* UIViewController+Extensions.swift in Sources */,
				F258E7762B02D52B00900EF1 /* UIViewDSL+Subviews.swift in Sources */,
				F258E7812B02D52B00900EF1 /* UIViewDSL+IBOutlet.swift in Sources */,
				F258E77C2B02D52B00900EF1 /* UIViewDSL.swift in Sources */,
				F258E7772B02D52B00900EF1 /* IBFreeFormViewControllerRepresentable.swift in Sources */,
				F258E7802B02D52B00900EF1 /* IBControl.swift in Sources */,
				F258E76E2B02D52B00900EF1 /* UIViewDSL+Constraints.swift in Sources */,
				F258E77A2B02D52B00900EF1 /* IBRepresentableForViewController.swift in Sources */,
				F258E77B2B02D52B00900EF1 /* IBPreviewScrollView.swift in Sources */,
				F258E77E2B02D52B00900EF1 /* UIView+Extensions.swift in Sources */,
				F258E7752B02D52B00900EF1 /* InferredAttributesOwnerStrategy.swift in Sources */,
				F258E7782B02D52B00900EF1 /* IBRepresentableForView.swift in Sources */,
				F258E7722B02D52B00900EF1 /* UIViewDebug.swift in Sources */,
				F258E76F2B02D52B00900EF1 /* UIViewDSL+ResultBuilders.swift in Sources */,
				F258E7742B02D52B00900EF1 /* UIViewDSLEngineConstraintsProtocol.swift in Sources */,
			);
			runOnlyForDeploymentPostprocessing = 0;
		};
/* End PBXSourcesBuildPhase section */

/* Begin XCBuildConfiguration section */
		F22EB0EE2ADD8CFC00B70773 /* Debug */ = {
			isa = XCBuildConfiguration;
			buildSettings = {
				ALWAYS_SEARCH_USER_PATHS = NO;
				ASSETCATALOG_COMPILER_GENERATE_SWIFT_ASSET_SYMBOL_EXTENSIONS = YES;
				CLANG_ANALYZER_NONNULL = YES;
				CLANG_ANALYZER_NUMBER_OBJECT_CONVERSION = YES_AGGRESSIVE;
				CLANG_CXX_LANGUAGE_STANDARD = "gnu++20";
				CLANG_ENABLE_MODULES = YES;
				CLANG_ENABLE_OBJC_ARC = YES;
				CLANG_ENABLE_OBJC_WEAK = YES;
				CLANG_WARN_BLOCK_CAPTURE_AUTORELEASING = YES;
				CLANG_WARN_BOOL_CONVERSION = YES;
				CLANG_WARN_COMMA = YES;
				CLANG_WARN_CONSTANT_CONVERSION = YES;
				CLANG_WARN_DEPRECATED_OBJC_IMPLEMENTATIONS = YES;
				CLANG_WARN_DIRECT_OBJC_ISA_USAGE = YES_ERROR;
				CLANG_WARN_DOCUMENTATION_COMMENTS = YES;
				CLANG_WARN_EMPTY_BODY = YES;
				CLANG_WARN_ENUM_CONVERSION = YES;
				CLANG_WARN_INFINITE_RECURSION = YES;
				CLANG_WARN_INT_CONVERSION = YES;
				CLANG_WARN_NON_LITERAL_NULL_CONVERSION = YES;
				CLANG_WARN_OBJC_IMPLICIT_RETAIN_SELF = YES;
				CLANG_WARN_OBJC_LITERAL_CONVERSION = YES;
				CLANG_WARN_OBJC_ROOT_CLASS = YES_ERROR;
				CLANG_WARN_QUOTED_INCLUDE_IN_FRAMEWORK_HEADER = YES;
				CLANG_WARN_RANGE_LOOP_ANALYSIS = YES;
				CLANG_WARN_STRICT_PROTOTYPES = YES;
				CLANG_WARN_SUSPICIOUS_MOVE = YES;
				CLANG_WARN_UNGUARDED_AVAILABILITY = YES_AGGRESSIVE;
				CLANG_WARN_UNREACHABLE_CODE = YES;
				CLANG_WARN__DUPLICATE_METHOD_MATCH = YES;
				COPY_PHASE_STRIP = NO;
				CURRENT_PROJECT_VERSION = 1;
				DEBUG_INFORMATION_FORMAT = dwarf;
				ENABLE_STRICT_OBJC_MSGSEND = YES;
				ENABLE_TESTABILITY = YES;
				ENABLE_USER_SCRIPT_SANDBOXING = YES;
				GCC_C_LANGUAGE_STANDARD = gnu17;
				GCC_DYNAMIC_NO_PIC = NO;
				GCC_NO_COMMON_BLOCKS = YES;
				GCC_OPTIMIZATION_LEVEL = 0;
				GCC_PREPROCESSOR_DEFINITIONS = (
					"DEBUG=1",
					"$(inherited)",
				);
				GCC_WARN_64_TO_32_BIT_CONVERSION = YES;
				GCC_WARN_ABOUT_RETURN_TYPE = YES_ERROR;
				GCC_WARN_UNDECLARED_SELECTOR = YES;
				GCC_WARN_UNINITIALIZED_AUTOS = YES_AGGRESSIVE;
				GCC_WARN_UNUSED_FUNCTION = YES;
				GCC_WARN_UNUSED_VARIABLE = YES;
				IPHONEOS_DEPLOYMENT_TARGET = 13.0;
				LOCALIZATION_PREFERS_STRING_CATALOGS = YES;
				MTL_ENABLE_DEBUG_INFO = INCLUDE_SOURCE;
				MTL_FAST_MATH = YES;
				ONLY_ACTIVE_ARCH = YES;
				SDKROOT = iphoneos;
				SWIFT_ACTIVE_COMPILATION_CONDITIONS = "DEBUG $(inherited)";
				SWIFT_OPTIMIZATION_LEVEL = "-Onone";
				VERSIONING_SYSTEM = "apple-generic";
				VERSION_INFO_PREFIX = "";
			};
			name = Debug;
		};
		F22EB0EF2ADD8CFC00B70773 /* Release */ = {
			isa = XCBuildConfiguration;
			buildSettings = {
				ALWAYS_SEARCH_USER_PATHS = NO;
				ASSETCATALOG_COMPILER_GENERATE_SWIFT_ASSET_SYMBOL_EXTENSIONS = YES;
				CLANG_ANALYZER_NONNULL = YES;
				CLANG_ANALYZER_NUMBER_OBJECT_CONVERSION = YES_AGGRESSIVE;
				CLANG_CXX_LANGUAGE_STANDARD = "gnu++20";
				CLANG_ENABLE_MODULES = YES;
				CLANG_ENABLE_OBJC_ARC = YES;
				CLANG_ENABLE_OBJC_WEAK = YES;
				CLANG_WARN_BLOCK_CAPTURE_AUTORELEASING = YES;
				CLANG_WARN_BOOL_CONVERSION = YES;
				CLANG_WARN_COMMA = YES;
				CLANG_WARN_CONSTANT_CONVERSION = YES;
				CLANG_WARN_DEPRECATED_OBJC_IMPLEMENTATIONS = YES;
				CLANG_WARN_DIRECT_OBJC_ISA_USAGE = YES_ERROR;
				CLANG_WARN_DOCUMENTATION_COMMENTS = YES;
				CLANG_WARN_EMPTY_BODY = YES;
				CLANG_WARN_ENUM_CONVERSION = YES;
				CLANG_WARN_INFINITE_RECURSION = YES;
				CLANG_WARN_INT_CONVERSION = YES;
				CLANG_WARN_NON_LITERAL_NULL_CONVERSION = YES;
				CLANG_WARN_OBJC_IMPLICIT_RETAIN_SELF = YES;
				CLANG_WARN_OBJC_LITERAL_CONVERSION = YES;
				CLANG_WARN_OBJC_ROOT_CLASS = YES_ERROR;
				CLANG_WARN_QUOTED_INCLUDE_IN_FRAMEWORK_HEADER = YES;
				CLANG_WARN_RANGE_LOOP_ANALYSIS = YES;
				CLANG_WARN_STRICT_PROTOTYPES = YES;
				CLANG_WARN_SUSPICIOUS_MOVE = YES;
				CLANG_WARN_UNGUARDED_AVAILABILITY = YES_AGGRESSIVE;
				CLANG_WARN_UNREACHABLE_CODE = YES;
				CLANG_WARN__DUPLICATE_METHOD_MATCH = YES;
				COPY_PHASE_STRIP = NO;
				CURRENT_PROJECT_VERSION = 1;
				DEBUG_INFORMATION_FORMAT = "dwarf-with-dsym";
				ENABLE_NS_ASSERTIONS = NO;
				ENABLE_STRICT_OBJC_MSGSEND = YES;
				ENABLE_USER_SCRIPT_SANDBOXING = YES;
				GCC_C_LANGUAGE_STANDARD = gnu17;
				GCC_NO_COMMON_BLOCKS = YES;
				GCC_WARN_64_TO_32_BIT_CONVERSION = YES;
				GCC_WARN_ABOUT_RETURN_TYPE = YES_ERROR;
				GCC_WARN_UNDECLARED_SELECTOR = YES;
				GCC_WARN_UNINITIALIZED_AUTOS = YES_AGGRESSIVE;
				GCC_WARN_UNUSED_FUNCTION = YES;
				GCC_WARN_UNUSED_VARIABLE = YES;
				IPHONEOS_DEPLOYMENT_TARGET = 13.0;
				LOCALIZATION_PREFERS_STRING_CATALOGS = YES;
				MTL_ENABLE_DEBUG_INFO = NO;
				MTL_FAST_MATH = YES;
				SDKROOT = iphoneos;
				SWIFT_COMPILATION_MODE = wholemodule;
				VALIDATE_PRODUCT = YES;
				VERSIONING_SYSTEM = "apple-generic";
				VERSION_INFO_PREFIX = "";
			};
			name = Release;
		};
		F22EB0F12ADD8CFC00B70773 /* Debug */ = {
			isa = XCBuildConfiguration;
			buildSettings = {
				CURRENT_PROJECT_VERSION = 1;
				DEFINES_MODULE = YES;
				DEVELOPMENT_TEAM = "";
				DYLIB_COMPATIBILITY_VERSION = 1;
				DYLIB_CURRENT_VERSION = 1;
				DYLIB_INSTALL_NAME_BASE = "@rpath";
				ENABLE_MODULE_VERIFIER = YES;
				GENERATE_INFOPLIST_FILE = YES;
				INFOPLIST_KEY_NSHumanReadableCopyright = "";
				INSTALL_PATH = "$(LOCAL_LIBRARY_DIR)/Frameworks";
				IPHONEOS_DEPLOYMENT_TARGET = 13.0;
				LD_RUNPATH_SEARCH_PATHS = (
					"$(inherited)",
					"@executable_path/Frameworks",
					"@loader_path/Frameworks",
				);
				MARKETING_VERSION = 1.0;
				MODULE_VERIFIER_SUPPORTED_LANGUAGES = "objective-c objective-c++";
				MODULE_VERIFIER_SUPPORTED_LANGUAGE_STANDARDS = "gnu17 gnu++20";
				PRODUCT_BUNDLE_IDENTIFIER = com.adobels.UIViewKit;
				PRODUCT_NAME = "$(TARGET_NAME:c99extidentifier)";
				SKIP_INSTALL = YES;
				SUPPORTS_MACCATALYST = NO;
				SUPPORTS_MAC_DESIGNED_FOR_IPHONE_IPAD = NO;
				SWIFT_EMIT_LOC_STRINGS = YES;
				SWIFT_VERSION = 5.0;
				TARGETED_DEVICE_FAMILY = 1;
			};
			name = Debug;
		};
		F22EB0F22ADD8CFC00B70773 /* Release */ = {
			isa = XCBuildConfiguration;
			buildSettings = {
				CURRENT_PROJECT_VERSION = 1;
				DEFINES_MODULE = YES;
				DEVELOPMENT_TEAM = "";
				DYLIB_COMPATIBILITY_VERSION = 1;
				DYLIB_CURRENT_VERSION = 1;
				DYLIB_INSTALL_NAME_BASE = "@rpath";
				ENABLE_MODULE_VERIFIER = YES;
				GENERATE_INFOPLIST_FILE = YES;
				INFOPLIST_KEY_NSHumanReadableCopyright = "";
				INSTALL_PATH = "$(LOCAL_LIBRARY_DIR)/Frameworks";
				IPHONEOS_DEPLOYMENT_TARGET = 13.0;
				LD_RUNPATH_SEARCH_PATHS = (
					"$(inherited)",
					"@executable_path/Frameworks",
					"@loader_path/Frameworks",
				);
				MARKETING_VERSION = 1.0;
				MODULE_VERIFIER_SUPPORTED_LANGUAGES = "objective-c objective-c++";
				MODULE_VERIFIER_SUPPORTED_LANGUAGE_STANDARDS = "gnu17 gnu++20";
				PRODUCT_BUNDLE_IDENTIFIER = com.adobels.UIViewKit;
				PRODUCT_NAME = "$(TARGET_NAME:c99extidentifier)";
				SKIP_INSTALL = YES;
				SUPPORTS_MACCATALYST = NO;
				SUPPORTS_MAC_DESIGNED_FOR_IPHONE_IPAD = NO;
				SWIFT_EMIT_LOC_STRINGS = YES;
				SWIFT_VERSION = 5.0;
				TARGETED_DEVICE_FAMILY = 1;
			};
			name = Release;
		};
/* End XCBuildConfiguration section */

/* Begin XCConfigurationList section */
		F22EB0E32ADD8CFC00B70773 /* Build configuration list for PBXProject "UIViewKit" */ = {
			isa = XCConfigurationList;
			buildConfigurations = (
				F22EB0EE2ADD8CFC00B70773 /* Debug */,
				F22EB0EF2ADD8CFC00B70773 /* Release */,
			);
			defaultConfigurationIsVisible = 0;
			defaultConfigurationName = Release;
		};
		F22EB0F02ADD8CFC00B70773 /* Build configuration list for PBXNativeTarget "UIViewKit" */ = {
			isa = XCConfigurationList;
			buildConfigurations = (
				F22EB0F12ADD8CFC00B70773 /* Debug */,
				F22EB0F22ADD8CFC00B70773 /* Release */,
			);
			defaultConfigurationIsVisible = 0;
			defaultConfigurationName = Release;
		};
/* End XCConfigurationList section */
	};
	rootObject = F22EB0E02ADD8CFC00B70773 /* Project object */;
}
