// !$*UTF8*$!
{
	archiveVersion = 1;
	classes = {
	};
	objectVersion = 56;
	objects = {

/* Begin PBXBuildFile section */
		F22EB2102ADD8D3C00B70773 /* UIViewDSL+Helper.swift in Sources */ = {isa = PBXBuildFile; fileRef = F22EB0F42ADD8D3C00B70773 /* UIViewDSL+Helper.swift */; };
		F22EB2112ADD8D3C00B70773 /* UIViewDSL+Constraints.swift in Sources */ = {isa = PBXBuildFile; fileRef = F22EB0F52ADD8D3C00B70773 /* UIViewDSL+Constraints.swift */; };
		F22EB2122ADD8D3C00B70773 /* UIViewDSL+ResultBuilders.swift in Sources */ = {isa = PBXBuildFile; fileRef = F22EB0F62ADD8D3C00B70773 /* UIViewDSL+ResultBuilders.swift */; };
		F22EB2132ADD8D3C00B70773 /* UIViewDSL+SwiftUIStyleStacks.swift in Sources */ = {isa = PBXBuildFile; fileRef = F22EB0FA2ADD8D3C00B70773 /* UIViewDSL+SwiftUIStyleStacks.swift */; };
		F22EB2142ADD8D3C00B70773 /* UIViewDSL+Attributes.swift in Sources */ = {isa = PBXBuildFile; fileRef = F22EB0FB2ADD8D3C00B70773 /* UIViewDSL+Attributes.swift */; };
		F22EB2152ADD8D3C00B70773 /* UIViewPreviews.swift in Sources */ = {isa = PBXBuildFile; fileRef = F22EB0FC2ADD8D3C00B70773 /* UIViewPreviews.swift */; };
		F22EB2172ADD8D3C00B70773 /* UIViewDebug.swift in Sources */ = {isa = PBXBuildFile; fileRef = F22EB0FE2ADD8D3C00B70773 /* UIViewDebug.swift */; };
		F22EB2182ADD8D3C00B70773 /* UIViewKit.h in Headers */ = {isa = PBXBuildFile; fileRef = F22EB0FF2ADD8D3C00B70773 /* UIViewKit.h */; };
		F22EB2192ADD8D3C00B70773 /* InferredConstraintsStrategy.swift in Sources */ = {isa = PBXBuildFile; fileRef = F22EB1012ADD8D3C00B70773 /* InferredConstraintsStrategy.swift */; };
		F22EB21A2ADD8D3C00B70773 /* UIViewDSLEngineConstraintsProtocol.swift in Sources */ = {isa = PBXBuildFile; fileRef = F22EB1022ADD8D3C00B70773 /* UIViewDSLEngineConstraintsProtocol.swift */; };
		F22EB21B2ADD8D3C00B70773 /* InferredAttributesOwnerStrategy.swift in Sources */ = {isa = PBXBuildFile; fileRef = F22EB1032ADD8D3C00B70773 /* InferredAttributesOwnerStrategy.swift */; };
		F22EB21C2ADD8D3C00B70773 /* UIViewDSL+Subviews.swift in Sources */ = {isa = PBXBuildFile; fileRef = F22EB1042ADD8D3C00B70773 /* UIViewDSL+Subviews.swift */; };
		F22EB21D2ADD8D3C00B70773 /* UIViewDSL.swift in Sources */ = {isa = PBXBuildFile; fileRef = F22EB1052ADD8D3C00B70773 /* UIViewDSL.swift */; };
		F22EB2DB2ADD8D3C00B70773 /* UIViewDSL+IBOutlet.swift in Sources */ = {isa = PBXBuildFile; fileRef = F22EB20F2ADD8D3C00B70773 /* UIViewDSL+IBOutlet.swift */; };
/* End PBXBuildFile section */

/* Begin PBXFileReference section */
		F22EB0E92ADD8CFC00B70773 /* UIViewKit.framework */ = {isa = PBXFileReference; explicitFileType = wrapper.framework; includeInIndex = 0; path = UIViewKit.framework; sourceTree = BUILT_PRODUCTS_DIR; };
		F22EB0F42ADD8D3C00B70773 /* UIViewDSL+Helper.swift */ = {isa = PBXFileReference; fileEncoding = 4; lastKnownFileType = sourcecode.swift; path = "UIViewDSL+Helper.swift"; sourceTree = "<group>"; };
		F22EB0F52ADD8D3C00B70773 /* UIViewDSL+Constraints.swift */ = {isa = PBXFileReference; fileEncoding = 4; lastKnownFileType = sourcecode.swift; path = "UIViewDSL+Constraints.swift"; sourceTree = "<group>"; };
		F22EB0F62ADD8D3C00B70773 /* UIViewDSL+ResultBuilders.swift */ = {isa = PBXFileReference; fileEncoding = 4; lastKnownFileType = sourcecode.swift; path = "UIViewDSL+ResultBuilders.swift"; sourceTree = "<group>"; };
		F22EB0F72ADD8D3C00B70773 /* UIViewKit.xcodeproj */ = {isa = PBXFileReference; lastKnownFileType = "wrapper.pb-project"; path = UIViewKit.xcodeproj; sourceTree = "<group>"; };
		F22EB0FA2ADD8D3C00B70773 /* UIViewDSL+SwiftUIStyleStacks.swift */ = {isa = PBXFileReference; fileEncoding = 4; lastKnownFileType = sourcecode.swift; path = "UIViewDSL+SwiftUIStyleStacks.swift"; sourceTree = "<group>"; };
		F22EB0FB2ADD8D3C00B70773 /* UIViewDSL+Attributes.swift */ = {isa = PBXFileReference; fileEncoding = 4; lastKnownFileType = sourcecode.swift; path = "UIViewDSL+Attributes.swift"; sourceTree = "<group>"; };
		F22EB0FC2ADD8D3C00B70773 /* UIViewPreviews.swift */ = {isa = PBXFileReference; fileEncoding = 4; lastKnownFileType = sourcecode.swift; path = UIViewPreviews.swift; sourceTree = "<group>"; };
		F22EB0FE2ADD8D3C00B70773 /* UIViewDebug.swift */ = {isa = PBXFileReference; fileEncoding = 4; lastKnownFileType = sourcecode.swift; path = UIViewDebug.swift; sourceTree = "<group>"; };
		F22EB0FF2ADD8D3C00B70773 /* UIViewKit.h */ = {isa = PBXFileReference; fileEncoding = 4; lastKnownFileType = sourcecode.c.h; path = UIViewKit.h; sourceTree = "<group>"; };
		F22EB1012ADD8D3C00B70773 /* InferredConstraintsStrategy.swift */ = {isa = PBXFileReference; fileEncoding = 4; lastKnownFileType = sourcecode.swift; path = InferredConstraintsStrategy.swift; sourceTree = "<group>"; };
		F22EB1022ADD8D3C00B70773 /* UIViewDSLEngineConstraintsProtocol.swift */ = {isa = PBXFileReference; fileEncoding = 4; lastKnownFileType = sourcecode.swift; path = UIViewDSLEngineConstraintsProtocol.swift; sourceTree = "<group>"; };
		F22EB1032ADD8D3C00B70773 /* InferredAttributesOwnerStrategy.swift */ = {isa = PBXFileReference; fileEncoding = 4; lastKnownFileType = sourcecode.swift; path = InferredAttributesOwnerStrategy.swift; sourceTree = "<group>"; };
		F22EB1042ADD8D3C00B70773 /* UIViewDSL+Subviews.swift */ = {isa = PBXFileReference; fileEncoding = 4; lastKnownFileType = sourcecode.swift; path = "UIViewDSL+Subviews.swift"; sourceTree = "<group>"; };
		F22EB1052ADD8D3C00B70773 /* UIViewDSL.swift */ = {isa = PBXFileReference; fileEncoding = 4; lastKnownFileType = sourcecode.swift; path = UIViewDSL.swift; sourceTree = "<group>"; };
		F22EB20F2ADD8D3C00B70773 /* UIViewDSL+IBOutlet.swift */ = {isa = PBXFileReference; fileEncoding = 4; lastKnownFileType = sourcecode.swift; path = "UIViewDSL+IBOutlet.swift"; sourceTree = "<group>"; };
/* End PBXFileReference section */

/* Begin PBXFrameworksBuildPhase section */
		F22EB0E62ADD8CFC00B70773 /* Frameworks */ = {
			isa = PBXFrameworksBuildPhase;
			buildActionMask = 2147483647;
			files = (
			);
			runOnlyForDeploymentPostprocessing = 0;
		};
/* End PBXFrameworksBuildPhase section */

/* Begin PBXGroup section */
		F22EB0DF2ADD8CFC00B70773 = {
			isa = PBXGroup;
			children = (
				F22EB0F32ADD8D3C00B70773 /* UIViewKit */,
				F22EB0EA2ADD8CFC00B70773 /* Products */,
			);
			sourceTree = "<group>";
		};
		F22EB0EA2ADD8CFC00B70773 /* Products */ = {
			isa = PBXGroup;
			children = (
				F22EB0E92ADD8CFC00B70773 /* UIViewKit.framework */,
			);
			name = Products;
			sourceTree = "<group>";
		};
		F22EB0F32ADD8D3C00B70773 /* UIViewKit */ = {
			isa = PBXGroup;
			children = (
				F22EB0F42ADD8D3C00B70773 /* UIViewDSL+Helper.swift */,
				F22EB0F52ADD8D3C00B70773 /* UIViewDSL+Constraints.swift */,
				F22EB0F62ADD8D3C00B70773 /* UIViewDSL+ResultBuilders.swift */,
				F22EB0F72ADD8D3C00B70773 /* UIViewKit.xcodeproj */,
				F22EB0FA2ADD8D3C00B70773 /* UIViewDSL+SwiftUIStyleStacks.swift */,
				F22EB0FB2ADD8D3C00B70773 /* UIViewDSL+Attributes.swift */,
				F22EB0FC2ADD8D3C00B70773 /* UIViewPreviews.swift */,
				F22EB0FE2ADD8D3C00B70773 /* UIViewDebug.swift */,
				F22EB0FF2ADD8D3C00B70773 /* UIViewKit.h */,
				F22EB1002ADD8D3C00B70773 /* AutoresizingStrategy */,
				F22EB1042ADD8D3C00B70773 /* UIViewDSL+Subviews.swift */,
				F22EB1052ADD8D3C00B70773 /* UIViewDSL.swift */,
				F22EB20F2ADD8D3C00B70773 /* UIViewDSL+IBOutlet.swift */,
			);
			name = UIViewKit;
			sourceTree = "<group>";
		};
		F22EB0F82ADD8D3C00B70773 /* Products */ = {
			isa = PBXGroup;
			name = Products;
			sourceTree = "<group>";
		};
		F22EB1002ADD8D3C00B70773 /* AutoresizingStrategy */ = {
			isa = PBXGroup;
			children = (
				F22EB1012ADD8D3C00B70773 /* InferredConstraintsStrategy.swift */,
				F22EB1022ADD8D3C00B70773 /* UIViewDSLEngineConstraintsProtocol.swift */,
				F22EB1032ADD8D3C00B70773 /* InferredAttributesOwnerStrategy.swift */,
			);
			path = AutoresizingStrategy;
			sourceTree = "<group>";
		};
/* End PBXGroup section */

/* Begin PBXHeadersBuildPhase section */
		F22EB0E42ADD8CFC00B70773 /* Headers */ = {
			isa = PBXHeadersBuildPhase;
			buildActionMask = 2147483647;
			files = (
				F22EB2182ADD8D3C00B70773 /* UIViewKit.h in Headers */,
			);
			runOnlyForDeploymentPostprocessing = 0;
		};
/* End PBXHeadersBuildPhase section */

/* Begin PBXNativeTarget section */
		F22EB0E82ADD8CFC00B70773 /* UIViewKit */ = {
			isa = PBXNativeTarget;
			buildConfigurationList = F22EB0F02ADD8CFC00B70773 /* Build configuration list for PBXNativeTarget "UIViewKit" */;
			buildPhases = (
				F22EB0E42ADD8CFC00B70773 /* Headers */,
				F22EB0E52ADD8CFC00B70773 /* Sources */,
				F22EB0E62ADD8CFC00B70773 /* Frameworks */,
				F22EB0E72ADD8CFC00B70773 /* Resources */,
			);
			buildRules = (
			);
			dependencies = (
			);
			name = UIViewKit;
			productName = UIViewKit;
			productReference = F22EB0E92ADD8CFC00B70773 /* UIViewKit.framework */;
			productType = "com.apple.product-type.framework";
		};
/* End PBXNativeTarget section */

/* Begin PBXProject section */
		F22EB0E02ADD8CFC00B70773 /* Project object */ = {
			isa = PBXProject;
			attributes = {
				BuildIndependentTargetsInParallel = 1;
				LastUpgradeCheck = 1500;
				TargetAttributes = {
					F22EB0E82ADD8CFC00B70773 = {
						CreatedOnToolsVersion = 15.0;
					};
				};
			};
			buildConfigurationList = F22EB0E32ADD8CFC00B70773 /* Build configuration list for PBXProject "UIViewKit" */;
			compatibilityVersion = "Xcode 14.0";
			developmentRegion = en;
			hasScannedForEncodings = 0;
			knownRegions = (
				en,
				Base,
			);
			mainGroup = F22EB0DF2ADD8CFC00B70773;
			productRefGroup = F22EB0EA2ADD8CFC00B70773 /* Products */;
			projectDirPath = "";
			projectReferences = (
				{
					ProductGroup = F22EB0F82ADD8D3C00B70773 /* Products */;
					ProjectRef = F22EB0F72ADD8D3C00B70773 /* UIViewKit.xcodeproj */;
				},
			);
			projectRoot = "";
			targets = (
				F22EB0E82ADD8CFC00B70773 /* UIViewKit */,
			);
		};
/* End PBXProject section */

/* Begin PBXResourcesBuildPhase section */
		F22EB0E72ADD8CFC00B70773 /* Resources */ = {
			isa = PBXResourcesBuildPhase;
			buildActionMask = 2147483647;
			files = (
			);
			runOnlyForDeploymentPostprocessing = 0;
		};
/* End PBXResourcesBuildPhase section */

/* Begin PBXSourcesBuildPhase section */
		F22EB0E52ADD8CFC00B70773 /* Sources */ = {
			isa = PBXSourcesBuildPhase;
			buildActionMask = 2147483647;
			files = (
				F22EB2102ADD8D3C00B70773 /* UIViewDSL+Helper.swift in Sources */,
				F22EB2152ADD8D3C00B70773 /* UIViewPreviews.swift in Sources */,
				F22EB21C2ADD8D3C00B70773 /* UIViewDSL+Subviews.swift in Sources */,
				F22EB21B2ADD8D3C00B70773 /* InferredAttributesOwnerStrategy.swift in Sources */,
				F22EB2142ADD8D3C00B70773 /* UIViewDSL+Attributes.swift in Sources */,
				F22EB2172ADD8D3C00B70773 /* UIViewDebug.swift in Sources */,
				F22EB2192ADD8D3C00B70773 /* InferredConstraintsStrategy.swift in Sources */,
				F22EB2DB2ADD8D3C00B70773 /* UIViewDSL+IBOutlet.swift in Sources */,
				F22EB2132ADD8D3C00B70773 /* UIViewDSL+SwiftUIStyleStacks.swift in Sources */,
				F22EB2112ADD8D3C00B70773 /* UIViewDSL+Constraints.swift in Sources */,
				F22EB2122ADD8D3C00B70773 /* UIViewDSL+ResultBuilders.swift in Sources */,
				F22EB21A2ADD8D3C00B70773 /* UIViewDSLEngineConstraintsProtocol.swift in Sources */,
				F22EB21D2ADD8D3C00B70773 /* UIViewDSL.swift in Sources */,
			);
			runOnlyForDeploymentPostprocessing = 0;
		};
/* End PBXSourcesBuildPhase section */

/* Begin XCBuildConfiguration section */
		F22EB0EE2ADD8CFC00B70773 /* Debug */ = {
			isa = XCBuildConfiguration;
			buildSettings = {
				ALWAYS_SEARCH_USER_PATHS = NO;
				ASSETCATALOG_COMPILER_GENERATE_SWIFT_ASSET_SYMBOL_EXTENSIONS = YES;
				CLANG_ANALYZER_NONNULL = YES;
				CLANG_ANALYZER_NUMBER_OBJECT_CONVERSION = YES_AGGRESSIVE;
				CLANG_CXX_LANGUAGE_STANDARD = "gnu++20";
				CLANG_ENABLE_MODULES = YES;
				CLANG_ENABLE_OBJC_ARC = YES;
				CLANG_ENABLE_OBJC_WEAK = YES;
				CLANG_WARN_BLOCK_CAPTURE_AUTORELEASING = YES;
				CLANG_WARN_BOOL_CONVERSION = YES;
				CLANG_WARN_COMMA = YES;
				CLANG_WARN_CONSTANT_CONVERSION = YES;
				CLANG_WARN_DEPRECATED_OBJC_IMPLEMENTATIONS = YES;
				CLANG_WARN_DIRECT_OBJC_ISA_USAGE = YES_ERROR;
				CLANG_WARN_DOCUMENTATION_COMMENTS = YES;
				CLANG_WARN_EMPTY_BODY = YES;
				CLANG_WARN_ENUM_CONVERSION = YES;
				CLANG_WARN_INFINITE_RECURSION = YES;
				CLANG_WARN_INT_CONVERSION = YES;
				CLANG_WARN_NON_LITERAL_NULL_CONVERSION = YES;
				CLANG_WARN_OBJC_IMPLICIT_RETAIN_SELF = YES;
				CLANG_WARN_OBJC_LITERAL_CONVERSION = YES;
				CLANG_WARN_OBJC_ROOT_CLASS = YES_ERROR;
				CLANG_WARN_QUOTED_INCLUDE_IN_FRAMEWORK_HEADER = YES;
				CLANG_WARN_RANGE_LOOP_ANALYSIS = YES;
				CLANG_WARN_STRICT_PROTOTYPES = YES;
				CLANG_WARN_SUSPICIOUS_MOVE = YES;
				CLANG_WARN_UNGUARDED_AVAILABILITY = YES_AGGRESSIVE;
				CLANG_WARN_UNREACHABLE_CODE = YES;
				CLANG_WARN__DUPLICATE_METHOD_MATCH = YES;
				COPY_PHASE_STRIP = NO;
				CURRENT_PROJECT_VERSION = 1;
				DEBUG_INFORMATION_FORMAT = dwarf;
				ENABLE_STRICT_OBJC_MSGSEND = YES;
				ENABLE_TESTABILITY = YES;
				ENABLE_USER_SCRIPT_SANDBOXING = YES;
				GCC_C_LANGUAGE_STANDARD = gnu17;
				GCC_DYNAMIC_NO_PIC = NO;
				GCC_NO_COMMON_BLOCKS = YES;
				GCC_OPTIMIZATION_LEVEL = 0;
				GCC_PREPROCESSOR_DEFINITIONS = (
					"DEBUG=1",
					"$(inherited)",
				);
				GCC_WARN_64_TO_32_BIT_CONVERSION = YES;
				GCC_WARN_ABOUT_RETURN_TYPE = YES_ERROR;
				GCC_WARN_UNDECLARED_SELECTOR = YES;
				GCC_WARN_UNINITIALIZED_AUTOS = YES_AGGRESSIVE;
				GCC_WARN_UNUSED_FUNCTION = YES;
				GCC_WARN_UNUSED_VARIABLE = YES;
				IPHONEOS_DEPLOYMENT_TARGET = 17.0;
				LOCALIZATION_PREFERS_STRING_CATALOGS = YES;
				MTL_ENABLE_DEBUG_INFO = INCLUDE_SOURCE;
				MTL_FAST_MATH = YES;
				ONLY_ACTIVE_ARCH = YES;
				SDKROOT = iphoneos;
				SWIFT_ACTIVE_COMPILATION_CONDITIONS = "DEBUG $(inherited)";
				SWIFT_OPTIMIZATION_LEVEL = "-Onone";
				VERSIONING_SYSTEM = "apple-generic";
				VERSION_INFO_PREFIX = "";
			};
			name = Debug;
		};
		F22EB0EF2ADD8CFC00B70773 /* Release */ = {
			isa = XCBuildConfiguration;
			buildSettings = {
				ALWAYS_SEARCH_USER_PATHS = NO;
				ASSETCATALOG_COMPILER_GENERATE_SWIFT_ASSET_SYMBOL_EXTENSIONS = YES;
				CLANG_ANALYZER_NONNULL = YES;
				CLANG_ANALYZER_NUMBER_OBJECT_CONVERSION = YES_AGGRESSIVE;
				CLANG_CXX_LANGUAGE_STANDARD = "gnu++20";
				CLANG_ENABLE_MODULES = YES;
				CLANG_ENABLE_OBJC_ARC = YES;
				CLANG_ENABLE_OBJC_WEAK = YES;
				CLANG_WARN_BLOCK_CAPTURE_AUTORELEASING = YES;
				CLANG_WARN_BOOL_CONVERSION = YES;
				CLANG_WARN_COMMA = YES;
				CLANG_WARN_CONSTANT_CONVERSION = YES;
				CLANG_WARN_DEPRECATED_OBJC_IMPLEMENTATIONS = YES;
				CLANG_WARN_DIRECT_OBJC_ISA_USAGE = YES_ERROR;
				CLANG_WARN_DOCUMENTATION_COMMENTS = YES;
				CLANG_WARN_EMPTY_BODY = YES;
				CLANG_WARN_ENUM_CONVERSION = YES;
				CLANG_WARN_INFINITE_RECURSION = YES;
				CLANG_WARN_INT_CONVERSION = YES;
				CLANG_WARN_NON_LITERAL_NULL_CONVERSION = YES;
				CLANG_WARN_OBJC_IMPLICIT_RETAIN_SELF = YES;
				CLANG_WARN_OBJC_LITERAL_CONVERSION = YES;
				CLANG_WARN_OBJC_ROOT_CLASS = YES_ERROR;
				CLANG_WARN_QUOTED_INCLUDE_IN_FRAMEWORK_HEADER = YES;
				CLANG_WARN_RANGE_LOOP_ANALYSIS = YES;
				CLANG_WARN_STRICT_PROTOTYPES = YES;
				CLANG_WARN_SUSPICIOUS_MOVE = YES;
				CLANG_WARN_UNGUARDED_AVAILABILITY = YES_AGGRESSIVE;
				CLANG_WARN_UNREACHABLE_CODE = YES;
				CLANG_WARN__DUPLICATE_METHOD_MATCH = YES;
				COPY_PHASE_STRIP = NO;
				CURRENT_PROJECT_VERSION = 1;
				DEBUG_INFORMATION_FORMAT = "dwarf-with-dsym";
				ENABLE_NS_ASSERTIONS = NO;
				ENABLE_STRICT_OBJC_MSGSEND = YES;
				ENABLE_USER_SCRIPT_SANDBOXING = YES;
				GCC_C_LANGUAGE_STANDARD = gnu17;
				GCC_NO_COMMON_BLOCKS = YES;
				GCC_WARN_64_TO_32_BIT_CONVERSION = YES;
				GCC_WARN_ABOUT_RETURN_TYPE = YES_ERROR;
				GCC_WARN_UNDECLARED_SELECTOR = YES;
				GCC_WARN_UNINITIALIZED_AUTOS = YES_AGGRESSIVE;
				GCC_WARN_UNUSED_FUNCTION = YES;
				GCC_WARN_UNUSED_VARIABLE = YES;
				IPHONEOS_DEPLOYMENT_TARGET = 17.0;
				LOCALIZATION_PREFERS_STRING_CATALOGS = YES;
				MTL_ENABLE_DEBUG_INFO = NO;
				MTL_FAST_MATH = YES;
				SDKROOT = iphoneos;
				SWIFT_COMPILATION_MODE = wholemodule;
				VALIDATE_PRODUCT = YES;
				VERSIONING_SYSTEM = "apple-generic";
				VERSION_INFO_PREFIX = "";
			};
			name = Release;
		};
		F22EB0F12ADD8CFC00B70773 /* Debug */ = {
			isa = XCBuildConfiguration;
			buildSettings = {
				CODE_SIGN_STYLE = Automatic;
				CURRENT_PROJECT_VERSION = 1;
				DEFINES_MODULE = YES;
				DEVELOPMENT_TEAM = 43VBDTY4E3;
				DYLIB_COMPATIBILITY_VERSION = 1;
				DYLIB_CURRENT_VERSION = 1;
				DYLIB_INSTALL_NAME_BASE = "@rpath";
				ENABLE_MODULE_VERIFIER = YES;
				GENERATE_INFOPLIST_FILE = YES;
				INFOPLIST_KEY_NSHumanReadableCopyright = "";
				INSTALL_PATH = "$(LOCAL_LIBRARY_DIR)/Frameworks";
				LD_RUNPATH_SEARCH_PATHS = (
					"$(inherited)",
					"@executable_path/Frameworks",
					"@loader_path/Frameworks",
				);
				MARKETING_VERSION = 1.0;
				MODULE_VERIFIER_SUPPORTED_LANGUAGES = "objective-c objective-c++";
				MODULE_VERIFIER_SUPPORTED_LANGUAGE_STANDARDS = "gnu17 gnu++20";
				PRODUCT_BUNDLE_IDENTIFIER = com.adobels.UIViewKit;
				PRODUCT_NAME = "$(TARGET_NAME:c99extidentifier)";
				SKIP_INSTALL = YES;
				SWIFT_EMIT_LOC_STRINGS = YES;
				SWIFT_VERSION = 5.0;
				TARGETED_DEVICE_FAMILY = "1,2";
			};
			name = Debug;
		};
		F22EB0F22ADD8CFC00B70773 /* Release */ = {
			isa = XCBuildConfiguration;
			buildSettings = {
				CODE_SIGN_STYLE = Automatic;
				CURRENT_PROJECT_VERSION = 1;
				DEFINES_MODULE = YES;
				DEVELOPMENT_TEAM = 43VBDTY4E3;
				DYLIB_COMPATIBILITY_VERSION = 1;
				DYLIB_CURRENT_VERSION = 1;
				DYLIB_INSTALL_NAME_BASE = "@rpath";
				ENABLE_MODULE_VERIFIER = YES;
				GENERATE_INFOPLIST_FILE = YES;
				INFOPLIST_KEY_NSHumanReadableCopyright = "";
				INSTALL_PATH = "$(LOCAL_LIBRARY_DIR)/Frameworks";
				LD_RUNPATH_SEARCH_PATHS = (
					"$(inherited)",
					"@executable_path/Frameworks",
					"@loader_path/Frameworks",
				);
				MARKETING_VERSION = 1.0;
				MODULE_VERIFIER_SUPPORTED_LANGUAGES = "objective-c objective-c++";
				MODULE_VERIFIER_SUPPORTED_LANGUAGE_STANDARDS = "gnu17 gnu++20";
				PRODUCT_BUNDLE_IDENTIFIER = com.adobels.UIViewKit;
				PRODUCT_NAME = "$(TARGET_NAME:c99extidentifier)";
				SKIP_INSTALL = YES;
				SWIFT_EMIT_LOC_STRINGS = YES;
				SWIFT_VERSION = 5.0;
				TARGETED_DEVICE_FAMILY = "1,2";
			};
			name = Release;
		};
/* End XCBuildConfiguration section */

/* Begin XCConfigurationList section */
		F22EB0E32ADD8CFC00B70773 /* Build configuration list for PBXProject "UIViewKit" */ = {
			isa = XCConfigurationList;
			buildConfigurations = (
				F22EB0EE2ADD8CFC00B70773 /* Debug */,
				F22EB0EF2ADD8CFC00B70773 /* Release */,
			);
			defaultConfigurationIsVisible = 0;
			defaultConfigurationName = Release;
		};
		F22EB0F02ADD8CFC00B70773 /* Build configuration list for PBXNativeTarget "UIViewKit" */ = {
			isa = XCConfigurationList;
			buildConfigurations = (
				F22EB0F12ADD8CFC00B70773 /* Debug */,
				F22EB0F22ADD8CFC00B70773 /* Release */,
			);
			defaultConfigurationIsVisible = 0;
			defaultConfigurationName = Release;
		};
/* End XCConfigurationList section */
	};
	rootObject = F22EB0E02ADD8CFC00B70773 /* Project object */;
}
